# Generated by pub
# See https://dart.dev/tools/pub/glossary#lockfile
packages:
  logging:
    dependency: transitive
    description:
      name: logging
      sha256: c8245ada5f1717ed44271ed1c26b8ce85ca3228fd2ffdb75468ab01979309d61
      url: "https://pub.dev"
    source: hosted
    version: "1.3.0"
  socket_io_client:
    dependency: "direct main"
    description:
      name: socket_io_client
      sha256: c8471c2c6843cf308a5532ff653f2bcdb7fa9ae79d84d1179920578a06624f0d
      url: "https://pub.dev"
    source: hosted
    version: "3.1.2"
  socket_io_common:
    dependency: transitive
    description:
      name: socket_io_common
      sha256: "162fbaecbf4bf9a9372a62a341b3550b51dcef2f02f3e5830a297fd48203d45b"
      url: "https://pub.dev"
    source: hosted
    version: "3.1.1"
  web:
    dependency: transitive
    description:
      name: web
      sha256: "868d88a33d8a87b18ffc05f9f030ba328ffefba92d6c127917a2ba740f9cfe4a"
      url: "https://pub.dev"
    source: hosted
    version: "1.1.1"
sdks:
  dart: ">=3.4.0 <4.0.0"
